dependencies:
- name: postgresql
  repository: oci://registry-1.docker.io/bitnamicharts
  version: 16.4.1
- name: keycloak
  repository: oci://registry-1.docker.io/bitnamicharts
  version: 24.4.2
digest: sha256:9317b80674491461e6abf540617c33db00e6f9b3455425abc68af447b52cbbb8
generated: "2025-01-16T10:39:09.836537+01:00"
